# Generated by pub
# See http://pub.dartlang.org/doc/glossary.html#lockfile
packages:
  barback:
    description: barback
    source: hosted
    version: "0.14.0+3"
  chrome:
    description: chrome
    source: hosted
    version: "0.6.3"
  collection:
    description: collection
    source: hosted
    version: "0.9.4"
  crypto:
    description: crypto
    source: hosted
    version: "0.9.0"
  hetima:
    description:
      path: "/Users/kiyohiro/dart/git/dart_hetimalib"
      relative: false
    source: path
    version: "0.0.026"
  matcher:
    description: matcher
    source: hosted
    version: "0.11.1"
  path:
    description: path
    source: hosted
    version: "1.3.0"
  source_maps:
    description: source_maps
    source: hosted
    version: "0.9.4"
  source_span:
    description: source_span
    source: hosted
    version: "1.0.0"
  stack_trace:
    description: stack_trace
    source: hosted
    version: "0.9.3+2"
  unittest:
    description: unittest
    source: hosted
    version: "0.11.0+5"
