# Generated by pub
# See http://pub.dartlang.org/doc/glossary.html#lockfile
packages:
  barback:
    description: barback
    source: hosted
    version: "0.13.0"
  chrome:
    description: chrome
    source: hosted
    version: "0.5.6"
  collection:
    description: collection
    source: hosted
    version: "0.9.3+1"
  crypto:
    description: crypto
    source: hosted
    version: "0.9.0"
  hetima:
    description:
      ref: null
      resolved-ref: "7eb6b7cd91f07f12963142ca172de4419ade4e44"
      url: "https://github.com/kyorohiro/dart_hetimalib.git"
    source: git
    version: "0.0.011"
  matcher:
    description: matcher
    source: hosted
    version: "0.10.1+1"
  path:
    description: path
    source: hosted
    version: "1.2.1"
  source_maps:
    description: source_maps
    source: hosted
    version: "0.9.2+1"
  stack_trace:
    description: stack_trace
    source: hosted
    version: "0.9.3+2"
  unittest:
    description: unittest
    source: hosted
    version: "0.11.0+2"
