# Generated by pub
# See http://pub.dartlang.org/doc/glossary.html#lockfile
packages:
  barback:
    description: barback
    source: hosted
    version: "0.13.0"
  chrome:
    description: chrome
    source: hosted
    version: "0.5.6"
  collection:
    description: collection
    source: hosted
    version: "0.9.3+1"
  crypto:
    description: crypto
    source: hosted
    version: "0.9.0"
  hetima:
    description:
      ref: null
      resolved-ref: "0dab67af96f174b31fad0f2e79a15d4410ef50e6"
      url: "https://github.com/kyorohiro/dart_hetimalib.git"
    source: git
    version: "0.0.007"
  matcher:
    description: matcher
    source: hosted
    version: "0.10.0"
  path:
    description: path
    source: hosted
    version: "1.2.0"
  source_maps:
    description: source_maps
    source: hosted
    version: "0.9.1"
  stack_trace:
    description: stack_trace
    source: hosted
    version: "0.9.3+2"
  unittest:
    description: unittest
    source: hosted
    version: "0.11.0"
