# Generated by pub
# See http://pub.dartlang.org/doc/glossary.html#lockfile
packages:
  crypto:
    description: crypto
    source: hosted
    version: "0.9.0"
  hetima:
    description:
      ref: null
      resolved-ref: "5e9be512b30305ea47fd923e107471ebd8e318f9"
      url: "https://github.com/kyorohiro/dart_hetimalib.git"
    source: git
    version: "0.0.018"
  matcher:
    description: matcher
    source: hosted
    version: "0.10.1+1"
  path:
    description: path
    source: hosted
    version: "1.2.1"
  stack_trace:
    description: stack_trace
    source: hosted
    version: "1.0.2"
  unittest:
    description: unittest
    source: hosted
    version: "0.11.0+2"
